
Microsoft Visual Studio Solution File, Format Version 12.00
# Visual Studio Version 17
VisualStudioVersion = 17.3.32901.215
MinimumVisualStudioVersion = 10.0.40219.1
Project("{9A19103F-16F7-4668-BE54-9A1E7A4F7556}") = "TrackerLibrary", "TrackerLibrary\TrackerLibrary.csproj", "{CEE2D179-5436-4BBE-BD2B-27E9C81AA628}"
EndProject
Project("{9A19103F-16F7-4668-BE54-9A1E7A4F7556}") = "TrackerUI", "TrackerUI\TrackerUI.csproj", "{4958E002-EC58-4FA6-96C1-6517E569E181}"
EndProject
Global
	GlobalSection(SolutionConfigurationPlatforms) = preSolution
		Debug|Any CPU = Debug|Any CPU
		Release|Any CPU = Release|Any CPU
	EndGlobalSection
	GlobalSection(ProjectConfigurationPlatforms) = postSolution
		{CEE2D179-5436-4BBE-BD2B-27E9C81AA628}.Debug|Any CPU.ActiveCfg = Debug|Any CPU
		{CEE2D179-5436-4BBE-BD2B-27E9C81AA628}.Debug|Any CPU.Build.0 = Debug|Any CPU
		{CEE2D179-5436-4BBE-BD2B-27E9C81AA628}.Release|Any CPU.ActiveCfg = Release|Any CPU
		{CEE2D179-5436-4BBE-BD2B-27E9C81AA628}.Release|Any CPU.Build.0 = Release|Any CPU
		{4958E002-EC58-4FA6-96C1-6517E569E181}.Debug|Any CPU.ActiveCfg = Debug|Any CPU
		{4958E002-EC58-4FA6-96C1-6517E569E181}.Debug|Any CPU.Build.0 = Debug|Any CPU
		{4958E002-EC58-4FA6-96C1-6517E569E181}.Release|Any CPU.ActiveCfg = Release|Any CPU
		{4958E002-EC58-4FA6-96C1-6517E569E181}.Release|Any CPU.Build.0 = Release|Any CPU
	EndGlobalSection
	GlobalSection(SolutionProperties) = preSolution
		HideSolutionNode = FALSE
	EndGlobalSection
	GlobalSection(ExtensibilityGlobals) = postSolution
		SolutionGuid = {1B660D50-8EA5-48C0-8CAD-F790FDA3E66F}
	EndGlobalSection
EndGlobal
